
Microsoft Visual Studio Solution File, Format Version 12.00
Project("{FAE04EC0-301F-11D3-BF4B-00C04F79EFBC}") = "SES.UserManagementService", "SES.UserManagementService\SES.UserManagementService.csproj", "{56C8D0C2-0849-4AB2-96F3-01D15BBC583F}"
EndProject
Project("{FAE04EC0-301F-11D3-BF4B-00C04F79EFBC}") = "SES.StockExchangeService", "SES.StockExchangeService\SES.StockExchangeService.csproj", "{BC5ECF8E-354A-4225-8A18-791E9D64CC73}"
EndProject
Project("{FAE04EC0-301F-11D3-BF4B-00C04F79EFBC}") = "SES.StockInformationService", "SES.StockInformationService\SES.StockInformationService.csproj", "{CBA89FF1-4800-49D1-B955-9BEEC892DAE3}"
EndProject
Project("{FAE04EC0-301F-11D3-BF4B-00C04F79EFBC}") = "SES.StockTransactionService", "SES.StockTransactionService\SES.StockTransactionService.csproj", "{6AB4F3AE-55A0-4B16-B889-919E12A70D4E}"
EndProject
Project("{FAE04EC0-301F-11D3-BF4B-00C04F79EFBC}") = "SES.StockOwnershipService", "SES.StockOwnershipService\SES.StockOwnershipService.csproj", "{104DF795-76AA-4DE4-854A-A71C4BA7788A}"
EndProject
Project("{FAE04EC0-301F-11D3-BF4B-00C04F79EFBC}") = "SES.PaymentSystemService", "SES.PaymentSystemService\SES.PaymentSystemService.csproj", "{E711B536-7344-44D2-A25C-232FFA15ED10}"
EndProject
Project("{FAE04EC0-301F-11D3-BF4B-00C04F79EFBC}") = "SES.MockPaymentProviderService", "SES.MockPaymentProviderService\SES.MockPaymentProviderService.csproj", "{091C4B03-95AA-434F-8F1C-AC00706072CB}"
EndProject
Project("{FAE04EC0-301F-11D3-BF4B-00C04F79EFBC}") = "SES.ApiService", "SES.ApiService\SES.ApiService.csproj", "{C38768FC-9518-4F02-A03A-0F2716593797}"
EndProject
Project("{FAE04EC0-301F-11D3-BF4B-00C04F79EFBC}") = "SES.ClientApp", "SES.ClientApp\SES.ClientApp.csproj", "{6D4992A1-53B3-4103-B5B5-E02F4459418A}"
EndProject
Project("{FAE04EC0-301F-11D3-BF4B-00C04F79EFBC}") = "SES.Shared", "SES.Shared\SES.Shared.csproj", "{BCA1385E-7BE5-4259-A268-B9454FF4AC78}"
EndProject
Project("{FAE04EC0-301F-11D3-BF4B-00C04F79EFBC}") = "SES.AuthorizationService", "SES.AuthorizationService\SES.AuthorizationService.csproj", "{01371F3D-776C-45FB-B6BE-92BDFDB0A878}"
EndProject
Global
	GlobalSection(SolutionConfigurationPlatforms) = preSolution
		Debug|Any CPU = Debug|Any CPU
		Release|Any CPU = Release|Any CPU
	EndGlobalSection
	GlobalSection(ProjectConfigurationPlatforms) = postSolution
		{56C8D0C2-0849-4AB2-96F3-01D15BBC583F}.Debug|Any CPU.ActiveCfg = Debug|Any CPU
		{56C8D0C2-0849-4AB2-96F3-01D15BBC583F}.Debug|Any CPU.Build.0 = Debug|Any CPU
		{56C8D0C2-0849-4AB2-96F3-01D15BBC583F}.Release|Any CPU.ActiveCfg = Release|Any CPU
		{56C8D0C2-0849-4AB2-96F3-01D15BBC583F}.Release|Any CPU.Build.0 = Release|Any CPU
		{BC5ECF8E-354A-4225-8A18-791E9D64CC73}.Debug|Any CPU.ActiveCfg = Debug|Any CPU
		{BC5ECF8E-354A-4225-8A18-791E9D64CC73}.Debug|Any CPU.Build.0 = Debug|Any CPU
		{BC5ECF8E-354A-4225-8A18-791E9D64CC73}.Release|Any CPU.ActiveCfg = Release|Any CPU
		{BC5ECF8E-354A-4225-8A18-791E9D64CC73}.Release|Any CPU.Build.0 = Release|Any CPU
		{CBA89FF1-4800-49D1-B955-9BEEC892DAE3}.Debug|Any CPU.ActiveCfg = Debug|Any CPU
		{CBA89FF1-4800-49D1-B955-9BEEC892DAE3}.Debug|Any CPU.Build.0 = Debug|Any CPU
		{CBA89FF1-4800-49D1-B955-9BEEC892DAE3}.Release|Any CPU.ActiveCfg = Release|Any CPU
		{CBA89FF1-4800-49D1-B955-9BEEC892DAE3}.Release|Any CPU.Build.0 = Release|Any CPU
		{6AB4F3AE-55A0-4B16-B889-919E12A70D4E}.Debug|Any CPU.ActiveCfg = Debug|Any CPU
		{6AB4F3AE-55A0-4B16-B889-919E12A70D4E}.Debug|Any CPU.Build.0 = Debug|Any CPU
		{6AB4F3AE-55A0-4B16-B889-919E12A70D4E}.Release|Any CPU.ActiveCfg = Release|Any CPU
		{6AB4F3AE-55A0-4B16-B889-919E12A70D4E}.Release|Any CPU.Build.0 = Release|Any CPU
		{104DF795-76AA-4DE4-854A-A71C4BA7788A}.Debug|Any CPU.ActiveCfg = Debug|Any CPU
		{104DF795-76AA-4DE4-854A-A71C4BA7788A}.Debug|Any CPU.Build.0 = Debug|Any CPU
		{104DF795-76AA-4DE4-854A-A71C4BA7788A}.Release|Any CPU.ActiveCfg = Release|Any CPU
		{104DF795-76AA-4DE4-854A-A71C4BA7788A}.Release|Any CPU.Build.0 = Release|Any CPU
		{E711B536-7344-44D2-A25C-232FFA15ED10}.Debug|Any CPU.ActiveCfg = Debug|Any CPU
		{E711B536-7344-44D2-A25C-232FFA15ED10}.Debug|Any CPU.Build.0 = Debug|Any CPU
		{E711B536-7344-44D2-A25C-232FFA15ED10}.Release|Any CPU.ActiveCfg = Release|Any CPU
		{E711B536-7344-44D2-A25C-232FFA15ED10}.Release|Any CPU.Build.0 = Release|Any CPU
		{091C4B03-95AA-434F-8F1C-AC00706072CB}.Debug|Any CPU.ActiveCfg = Debug|Any CPU
		{091C4B03-95AA-434F-8F1C-AC00706072CB}.Debug|Any CPU.Build.0 = Debug|Any CPU
		{091C4B03-95AA-434F-8F1C-AC00706072CB}.Release|Any CPU.ActiveCfg = Release|Any CPU
		{091C4B03-95AA-434F-8F1C-AC00706072CB}.Release|Any CPU.Build.0 = Release|Any CPU
		{C38768FC-9518-4F02-A03A-0F2716593797}.Debug|Any CPU.ActiveCfg = Debug|Any CPU
		{C38768FC-9518-4F02-A03A-0F2716593797}.Debug|Any CPU.Build.0 = Debug|Any CPU
		{C38768FC-9518-4F02-A03A-0F2716593797}.Release|Any CPU.ActiveCfg = Release|Any CPU
		{C38768FC-9518-4F02-A03A-0F2716593797}.Release|Any CPU.Build.0 = Release|Any CPU
		{6D4992A1-53B3-4103-B5B5-E02F4459418A}.Debug|Any CPU.ActiveCfg = Debug|Any CPU
		{6D4992A1-53B3-4103-B5B5-E02F4459418A}.Debug|Any CPU.Build.0 = Debug|Any CPU
		{6D4992A1-53B3-4103-B5B5-E02F4459418A}.Release|Any CPU.ActiveCfg = Release|Any CPU
		{6D4992A1-53B3-4103-B5B5-E02F4459418A}.Release|Any CPU.Build.0 = Release|Any CPU
		{BCA1385E-7BE5-4259-A268-B9454FF4AC78}.Debug|Any CPU.ActiveCfg = Debug|Any CPU
		{BCA1385E-7BE5-4259-A268-B9454FF4AC78}.Debug|Any CPU.Build.0 = Debug|Any CPU
		{BCA1385E-7BE5-4259-A268-B9454FF4AC78}.Release|Any CPU.ActiveCfg = Release|Any CPU
		{BCA1385E-7BE5-4259-A268-B9454FF4AC78}.Release|Any CPU.Build.0 = Release|Any CPU
		{01371F3D-776C-45FB-B6BE-92BDFDB0A878}.Debug|Any CPU.ActiveCfg = Debug|Any CPU
		{01371F3D-776C-45FB-B6BE-92BDFDB0A878}.Debug|Any CPU.Build.0 = Debug|Any CPU
		{01371F3D-776C-45FB-B6BE-92BDFDB0A878}.Release|Any CPU.ActiveCfg = Release|Any CPU
		{01371F3D-776C-45FB-B6BE-92BDFDB0A878}.Release|Any CPU.Build.0 = Release|Any CPU
	EndGlobalSection
EndGlobal
